
Microsoft Visual Studio Solution File, Format Version 12.00
# Visual Studio 15
VisualStudioVersion = 15.0.28307.168
MinimumVisualStudioVersion = 10.0.40219.1
Project("{FAE04EC0-301F-11D3-BF4B-00C04F79EFBC}") = "WebApp", "WebApp\WebApp.csproj", "{93C002A3-146C-4BD8-BF92-4C3A4DF6C1D3}"
EndProject
Project("{FAE04EC0-301F-11D3-BF4B-00C04F79EFBC}") = "WebApp.Tests", "WebApp.Tests\WebApp.Tests.csproj", "{48514FA6-FC4B-4B5A-8947-EF30D47191B9}"
EndProject
Global
	GlobalSection(SolutionConfigurationPlatforms) = preSolution
		Debug|Any CPU = Debug|Any CPU
		Release|Any CPU = Release|Any CPU
	EndGlobalSection
	GlobalSection(ProjectConfigurationPlatforms) = postSolution
		{93C002A3-146C-4BD8-BF92-4C3A4DF6C1D3}.Debug|Any CPU.ActiveCfg = Debug|Any CPU
		{93C002A3-146C-4BD8-BF92-4C3A4DF6C1D3}.Debug|Any CPU.Build.0 = Debug|Any CPU
		{93C002A3-146C-4BD8-BF92-4C3A4DF6C1D3}.Release|Any CPU.ActiveCfg = Release|Any CPU
		{93C002A3-146C-4BD8-BF92-4C3A4DF6C1D3}.Release|Any CPU.Build.0 = Release|Any CPU
		{48514FA6-FC4B-4B5A-8947-EF30D47191B9}.Debug|Any CPU.ActiveCfg = Debug|Any CPU
		{48514FA6-FC4B-4B5A-8947-EF30D47191B9}.Debug|Any CPU.Build.0 = Debug|Any CPU
		{48514FA6-FC4B-4B5A-8947-EF30D47191B9}.Release|Any CPU.ActiveCfg = Release|Any CPU
		{48514FA6-FC4B-4B5A-8947-EF30D47191B9}.Release|Any CPU.Build.0 = Release|Any CPU
	EndGlobalSection
	GlobalSection(SolutionProperties) = preSolution
		HideSolutionNode = FALSE
	EndGlobalSection
	GlobalSection(ExtensibilityGlobals) = postSolution
		SolutionGuid = {2FEC6FA5-7B09-47B5-AB70-9188318D7F4B}
	EndGlobalSection
EndGlobal
